<?xml version="1.0" encoding="utf-8"?>
<Project ToolsVersion="4.0" xmlns="http://schemas.microsoft.com/developer/msbuild/2003">
  <ItemGroup>
    <ClInclude Include="include\CIProxie.h">
      <Filter>Header Files</Filter>
    </ClInclude>
    <ClInclude Include="include\AAPI.h">
      <Filter>Header Files</Filter>
    </ClInclude>
    <ClInclude Include="include\AAPI_Util.h">
      <Filter>Header Files</Filter>
    </ClInclude>
    <ClInclude Include="include\AKIProxie.h">
      <Filter>Header Files</Filter>
    </ClInclude>
    <ClInclude Include="include\ANGConProxie.h">
      <Filter>Header Files</Filter>
    </ClInclude>
  </ItemGroup>
  <ItemGroup>
    <Filter Include="Header Files">
      <UniqueIdentifier>{9e095a2c-168e-4a3a-9689-ecbbc34b3a94}</UniqueIdentifier>
    </Filter>
    <Filter Include="Source Files">
      <UniqueIdentifier>{9e2beb9b-4d6b-497a-8b80-e170772b8514}</UniqueIdentifier>
    </Filter>
  </ItemGroup>
  <ItemGroup>
    <ClCompile Include="AAPI.cxx">
      <Filter>Source Files</Filter>
    </ClCompile>
  </ItemGroup>
</Project>